
Microsoft Visual Studio Solution File, Format Version 12.00
# Visual Studio Version 16
VisualStudioVersion = 16.0.29806.167
MinimumVisualStudioVersion = 10.0.40219.1
Project("{FAE04EC0-301F-11D3-BF4B-00C04F79EFBC}") = "TestTry", "TestTry\TestTry.csproj", "{5A15FE82-9CB3-4F6F-B6F9-4F7590BFB12E}"
EndProject
Project("{FAE04EC0-301F-11D3-BF4B-00C04F79EFBC}") = "WebApplication1", "WebApplication1\WebApplication1.csproj", "{930C6EFC-B3CA-437D-BB8A-DB27AE6FD040}"
EndProject
Project("{FAE04EC0-301F-11D3-BF4B-00C04F79EFBC}") = "DIExample", "DIExample\DIExample.csproj", "{E920174B-3B9C-4B69-98ED-201D42AB3BB4}"
EndProject
Project("{FAE04EC0-301F-11D3-BF4B-00C04F79EFBC}") = "LinqTry", "LinqTry\LinqTry.csproj", "{C6D5300C-FAAA-4BCA-9D95-15D5FDC525CF}"
EndProject
Global
	GlobalSection(SolutionConfigurationPlatforms) = preSolution
		Debug|Any CPU = Debug|Any CPU
		Release|Any CPU = Release|Any CPU
	EndGlobalSection
	GlobalSection(ProjectConfigurationPlatforms) = postSolution
		{5A15FE82-9CB3-4F6F-B6F9-4F7590BFB12E}.Debug|Any CPU.ActiveCfg = Debug|Any CPU
		{5A15FE82-9CB3-4F6F-B6F9-4F7590BFB12E}.Debug|Any CPU.Build.0 = Debug|Any CPU
		{5A15FE82-9CB3-4F6F-B6F9-4F7590BFB12E}.Release|Any CPU.ActiveCfg = Release|Any CPU
		{5A15FE82-9CB3-4F6F-B6F9-4F7590BFB12E}.Release|Any CPU.Build.0 = Release|Any CPU
		{930C6EFC-B3CA-437D-BB8A-DB27AE6FD040}.Debug|Any CPU.ActiveCfg = Debug|Any CPU
		{930C6EFC-B3CA-437D-BB8A-DB27AE6FD040}.Debug|Any CPU.Build.0 = Debug|Any CPU
		{930C6EFC-B3CA-437D-BB8A-DB27AE6FD040}.Release|Any CPU.ActiveCfg = Release|Any CPU
		{930C6EFC-B3CA-437D-BB8A-DB27AE6FD040}.Release|Any CPU.Build.0 = Release|Any CPU
		{E920174B-3B9C-4B69-98ED-201D42AB3BB4}.Debug|Any CPU.ActiveCfg = Debug|Any CPU
		{E920174B-3B9C-4B69-98ED-201D42AB3BB4}.Debug|Any CPU.Build.0 = Debug|Any CPU
		{E920174B-3B9C-4B69-98ED-201D42AB3BB4}.Release|Any CPU.ActiveCfg = Release|Any CPU
		{E920174B-3B9C-4B69-98ED-201D42AB3BB4}.Release|Any CPU.Build.0 = Release|Any CPU
		{C6D5300C-FAAA-4BCA-9D95-15D5FDC525CF}.Debug|Any CPU.ActiveCfg = Debug|Any CPU
		{C6D5300C-FAAA-4BCA-9D95-15D5FDC525CF}.Debug|Any CPU.Build.0 = Debug|Any CPU
		{C6D5300C-FAAA-4BCA-9D95-15D5FDC525CF}.Release|Any CPU.ActiveCfg = Release|Any CPU
		{C6D5300C-FAAA-4BCA-9D95-15D5FDC525CF}.Release|Any CPU.Build.0 = Release|Any CPU
	EndGlobalSection
	GlobalSection(SolutionProperties) = preSolution
		HideSolutionNode = FALSE
	EndGlobalSection
	GlobalSection(ExtensibilityGlobals) = postSolution
		SolutionGuid = {501B7201-368C-45DD-8CA6-6F8F79E5CE7C}
	EndGlobalSection
EndGlobal
